
Microsoft Visual Studio Solution File, Format Version 12.00
# Visual Studio Version 16
VisualStudioVersion = 16.0.30309.148
MinimumVisualStudioVersion = 10.0.40219.1
Project("{9A19103F-16F7-4668-BE54-9A1E7A4F7556}") = "GreenAfrica-API", "GreenAfrica-API\GreenAfrica-API.csproj", "{6A9619DC-04CB-442D-AE42-F7479A67FEC7}"
EndProject
Project("{9A19103F-16F7-4668-BE54-9A1E7A4F7556}") = "GreenAfrica.DataAccess", "GreenAfrica.DataAccess\GreenAfrica.DataAccess.csproj", "{8BA65DDA-9A41-4B58-81D2-BF36C10FC7ED}"
EndProject
Project("{FAE04EC0-301F-11D3-BF4B-00C04F79EFBC}") = "GreenAfricaAPI.Business", "GreenAfricaAPI.Business\GreenAfricaAPI.Business.csproj", "{97938C20-F3F7-4E71-B863-7C93FED1D757}"
EndProject
Global
	GlobalSection(SolutionConfigurationPlatforms) = preSolution
		Debug|Any CPU = Debug|Any CPU
		Release|Any CPU = Release|Any CPU
	EndGlobalSection
	GlobalSection(ProjectConfigurationPlatforms) = postSolution
		{6A9619DC-04CB-442D-AE42-F7479A67FEC7}.Debug|Any CPU.ActiveCfg = Debug|Any CPU
		{6A9619DC-04CB-442D-AE42-F7479A67FEC7}.Debug|Any CPU.Build.0 = Debug|Any CPU
		{6A9619DC-04CB-442D-AE42-F7479A67FEC7}.Release|Any CPU.ActiveCfg = Release|Any CPU
		{6A9619DC-04CB-442D-AE42-F7479A67FEC7}.Release|Any CPU.Build.0 = Release|Any CPU
		{8BA65DDA-9A41-4B58-81D2-BF36C10FC7ED}.Debug|Any CPU.ActiveCfg = Debug|Any CPU
		{8BA65DDA-9A41-4B58-81D2-BF36C10FC7ED}.Debug|Any CPU.Build.0 = Debug|Any CPU
		{8BA65DDA-9A41-4B58-81D2-BF36C10FC7ED}.Release|Any CPU.ActiveCfg = Release|Any CPU
		{8BA65DDA-9A41-4B58-81D2-BF36C10FC7ED}.Release|Any CPU.Build.0 = Release|Any CPU
		{97938C20-F3F7-4E71-B863-7C93FED1D757}.Debug|Any CPU.ActiveCfg = Debug|Any CPU
		{97938C20-F3F7-4E71-B863-7C93FED1D757}.Debug|Any CPU.Build.0 = Debug|Any CPU
		{97938C20-F3F7-4E71-B863-7C93FED1D757}.Release|Any CPU.ActiveCfg = Release|Any CPU
		{97938C20-F3F7-4E71-B863-7C93FED1D757}.Release|Any CPU.Build.0 = Release|Any CPU
	EndGlobalSection
	GlobalSection(SolutionProperties) = preSolution
		HideSolutionNode = FALSE
	EndGlobalSection
	GlobalSection(ExtensibilityGlobals) = postSolution
		SolutionGuid = {15DC803F-95CD-4F21-9445-4907428ED6AC}
	EndGlobalSection
EndGlobal
